
Microsoft Visual Studio Solution File, Format Version 12.00
# Visual Studio Version 16
VisualStudioVersion = 16.0.30406.217
MinimumVisualStudioVersion = 10.0.40219.1
Project("{FAE04EC0-301F-11D3-BF4B-00C04F79EFBC}") = "Portfolio", "Portfolio.csproj", "{0A15AB0C-63FE-40C7-B65E-B2160926EF0C}"
EndProject
Global
	GlobalSection(SolutionConfigurationPlatforms) = preSolution
		Debug|Any CPU = Debug|Any CPU
		Release|Any CPU = Release|Any CPU
	EndGlobalSection
	GlobalSection(ProjectConfigurationPlatforms) = postSolution
		{0A15AB0C-63FE-40C7-B65E-B2160926EF0C}.Debug|Any CPU.ActiveCfg = Debug|Any CPU
		{0A15AB0C-63FE-40C7-B65E-B2160926EF0C}.Debug|Any CPU.Build.0 = Debug|Any CPU
		{0A15AB0C-63FE-40C7-B65E-B2160926EF0C}.Release|Any CPU.ActiveCfg = Release|Any CPU
		{0A15AB0C-63FE-40C7-B65E-B2160926EF0C}.Release|Any CPU.Build.0 = Release|Any CPU
	EndGlobalSection
	GlobalSection(SolutionProperties) = preSolution
		HideSolutionNode = FALSE
	EndGlobalSection
	GlobalSection(ExtensibilityGlobals) = postSolution
		SolutionGuid = {DB1318F8-4129-4C42-A581-0181D8BB8704}
	EndGlobalSection
EndGlobal
